// !$*UTF8*$!
{
	archiveVersion = 1;
	classes = {
	};
	objectVersion = 50;
	objects = {

/* Begin PBXBuildFile section */
		220597B224293E24007DF437 /* Charity.swift in Sources */ = {isa = PBXBuildFile; fileRef = 220597B124293E24007DF437 /* Charity.swift */; };
		2287E622242834EA00DEF322 /* CharityCell.swift in Sources */ = {isa = PBXBuildFile; fileRef = 2287E621242834EA00DEF322 /* CharityCell.swift */; };
		22A4BD642421A64500068BB1 /* AppDelegate.swift in Sources */ = {isa = PBXBuildFile; fileRef = 22A4BD632421A64500068BB1 /* AppDelegate.swift */; };
		22A4BD662421A64500068BB1 /* SceneDelegate.swift in Sources */ = {isa = PBXBuildFile; fileRef = 22A4BD652421A64500068BB1 /* SceneDelegate.swift */; };
		22A4BD682421A64600068BB1 /* ViewController.swift in Sources */ = {isa = PBXBuildFile; fileRef = 22A4BD672421A64600068BB1 /* ViewController.swift */; };
		22A4BD6B2421A64600068BB1 /* Main.storyboard in Resources */ = {isa = PBXBuildFile; fileRef = 22A4BD692421A64600068BB1 /* Main.storyboard */; };
		22A4BD6D2421A64700068BB1 /* Assets.xcassets in Resources */ = {isa = PBXBuildFile; fileRef = 22A4BD6C2421A64700068BB1 /* Assets.xcassets */; };
		22A4BD702421A64700068BB1 /* LaunchScreen.storyboard in Resources */ = {isa = PBXBuildFile; fileRef = 22A4BD6E2421A64700068BB1 /* LaunchScreen.storyboard */; };
/* End PBXBuildFile section */

/* Begin PBXFileReference section */
		220597B124293E24007DF437 /* Charity.swift */ = {isa = PBXFileReference; lastKnownFileType = sourcecode.swift; path = Charity.swift; sourceTree = "<group>"; };
		2287E621242834EA00DEF322 /* CharityCell.swift */ = {isa = PBXFileReference; lastKnownFileType = sourcecode.swift; path = CharityCell.swift; sourceTree = "<group>"; };
		22A4BD602421A64500068BB1 /* PhilUp.app */ = {isa = PBXFileReference; explicitFileType = wrapper.application; includeInIndex = 0; path = PhilUp.app; sourceTree = BUILT_PRODUCTS_DIR; };
		22A4BD632421A64500068BB1 /* AppDelegate.swift */ = {isa = PBXFileReference; lastKnownFileType = sourcecode.swift; path = AppDelegate.swift; sourceTree = "<group>"; };
		22A4BD652421A64500068BB1 /* SceneDelegate.swift */ = {isa = PBXFileReference; lastKnownFileType = sourcecode.swift; path = SceneDelegate.swift; sourceTree = "<group>"; };
		22A4BD672421A64600068BB1 /* ViewController.swift */ = {isa = PBXFileReference; lastKnownFileType = sourcecode.swift; path = ViewController.swift; sourceTree = "<group>"; };
		22A4BD6A2421A64600068BB1 /* Base */ = {isa = PBXFileReference; lastKnownFileType = file.storyboard; name = Base; path = Base.lproj/Main.storyboard; sourceTree = "<group>"; };
		22A4BD6C2421A64700068BB1 /* Assets.xcassets */ = {isa = PBXFileReference; lastKnownFileType = folder.assetcatalog; path = Assets.xcassets; sourceTree = "<group>"; };
		22A4BD6F2421A64700068BB1 /* Base */ = {isa = PBXFileReference; lastKnownFileType = file.storyboard; name = Base; path = Base.lproj/LaunchScreen.storyboard; sourceTree = "<group>"; };
		22A4BD712421A64700068BB1 /* Info.plist */ = {isa = PBXFileReference; lastKnownFileType = text.plist.xml; path = Info.plist; sourceTree = "<group>"; };
/* End PBXFileReference section */

/* Begin PBXFrameworksBuildPhase section */
		22A4BD5D2421A64500068BB1 /* Frameworks */ = {
			isa = PBXFrameworksBuildPhase;
			buildActionMask = 2147483647;
			files = (
			);
			runOnlyForDeploymentPostprocessing = 0;
		};
/* End PBXFrameworksBuildPhase section */

/* Begin PBXGroup section */
		22A4BD572421A64500068BB1 = {
			isa = PBXGroup;
			children = (
				22A4BD622421A64500068BB1 /* PhilUp */,
				22A4BD612421A64500068BB1 /* Products */,
			);
			sourceTree = "<group>";
		};
		22A4BD612421A64500068BB1 /* Products */ = {
			isa = PBXGroup;
			children = (
				22A4BD602421A64500068BB1 /* PhilUp.app */,
			);
			name = Products;
			sourceTree = "<group>";
		};
		22A4BD622421A64500068BB1 /* PhilUp */ = {
			isa = PBXGroup;
			children = (
				22A4BD632421A64500068BB1 /* AppDelegate.swift */,
				22A4BD652421A64500068BB1 /* SceneDelegate.swift */,
				22A4BD672421A64600068BB1 /* ViewController.swift */,
				22A4BD692421A64600068BB1 /* Main.storyboard */,
				2287E621242834EA00DEF322 /* CharityCell.swift */,
				220597B124293E24007DF437 /* Charity.swift */,
				22A4BD6C2421A64700068BB1 /* Assets.xcassets */,
				22A4BD6E2421A64700068BB1 /* LaunchScreen.storyboard */,
				22A4BD712421A64700068BB1 /* Info.plist */,
			);
			path = PhilUp;
			sourceTree = "<group>";
		};
/* End PBXGroup section */

/* Begin PBXNativeTarget section */
		22A4BD5F2421A64500068BB1 /* PhilUp */ = {
			isa = PBXNativeTarget;
			buildConfigurationList = 22A4BD742421A64700068BB1 /* Build configuration list for PBXNativeTarget "PhilUp" */;
			buildPhases = (
				22A4BD5C2421A64500068BB1 /* Sources */,
				22A4BD5D2421A64500068BB1 /* Frameworks */,
				22A4BD5E2421A64500068BB1 /* Resources */,
			);
			buildRules = (
			);
			dependencies = (
			);
			name = PhilUp;
			productName = PhilUp;
			productReference = 22A4BD602421A64500068BB1 /* PhilUp.app */;
			productType = "com.apple.product-type.application";
		};
/* End PBXNativeTarget section */

/* Begin PBXProject section */
		22A4BD582421A64500068BB1 /* Project object */ = {
			isa = PBXProject;
			attributes = {
				LastSwiftUpdateCheck = 1100;
				LastUpgradeCheck = 1100;
				ORGANIZATIONNAME = "Sam McCauley";
				TargetAttributes = {
					22A4BD5F2421A64500068BB1 = {
						CreatedOnToolsVersion = 11.0;
					};
				};
			};
			buildConfigurationList = 22A4BD5B2421A64500068BB1 /* Build configuration list for PBXProject "PhilUp" */;
			compatibilityVersion = "Xcode 9.3";
			developmentRegion = en;
			hasScannedForEncodings = 0;
			knownRegions = (
				en,
				Base,
			);
			mainGroup = 22A4BD572421A64500068BB1;
			productRefGroup = 22A4BD612421A64500068BB1 /* Products */;
			projectDirPath = "";
			projectRoot = "";
			targets = (
				22A4BD5F2421A64500068BB1 /* PhilUp */,
			);
		};
/* End PBXProject section */

/* Begin PBXResourcesBuildPhase section */
		22A4BD5E2421A64500068BB1 /* Resources */ = {
			isa = PBXResourcesBuildPhase;
			buildActionMask = 2147483647;
			files = (
				22A4BD702421A64700068BB1 /* LaunchScreen.storyboard in Resources */,
				22A4BD6D2421A64700068BB1 /* Assets.xcassets in Resources */,
				22A4BD6B2421A64600068BB1 /* Main.storyboard in Resources */,
			);
			runOnlyForDeploymentPostprocessing = 0;
		};
/* End PBXResourcesBuildPhase section */

/* Begin PBXSourcesBuildPhase section */
		22A4BD5C2421A64500068BB1 /* Sources */ = {
			isa = PBXSourcesBuildPhase;
			buildActionMask = 2147483647;
			files = (
				2287E622242834EA00DEF322 /* CharityCell.swift in Sources */,
				22A4BD682421A64600068BB1 /* ViewController.swift in Sources */,
				220597B224293E24007DF437 /* Charity.swift in Sources */,
				22A4BD642421A64500068BB1 /* AppDelegate.swift in Sources */,
				22A4BD662421A64500068BB1 /* SceneDelegate.swift in Sources */,
			);
			runOnlyForDeploymentPostprocessing = 0;
		};
/* End PBXSourcesBuildPhase section */

/* Begin PBXVariantGroup section */
		22A4BD692421A64600068BB1 /* Main.storyboard */ = {
			isa = PBXVariantGroup;
			children = (
				22A4BD6A2421A64600068BB1 /* Base */,
			);
			name = Main.storyboard;
			sourceTree = "<group>";
		};
		22A4BD6E2421A64700068BB1 /* LaunchScreen.storyboard */ = {
			isa = PBXVariantGroup;
			children = (
				22A4BD6F2421A64700068BB1 /* Base */,
			);
			name = LaunchScreen.storyboard;
			sourceTree = "<group>";
		};
/* End PBXVariantGroup section */

/* Begin XCBuildConfiguration section */
		22A4BD722421A64700068BB1 /* Debug */ = {
			isa = XCBuildConfiguration;
			buildSettings = {
				ALWAYS_SEARCH_USER_PATHS = NO;
				CLANG_ANALYZER_NONNULL = YES;
				CLANG_ANALYZER_NUMBER_OBJECT_CONVERSION = YES_AGGRESSIVE;
				CLANG_CXX_LANGUAGE_STANDARD = "gnu++14";
				CLANG_CXX_LIBRARY = "libc++";
				CLANG_ENABLE_MODULES = YES;
				CLANG_ENABLE_OBJC_ARC = YES;
				CLANG_ENABLE_OBJC_WEAK = YES;
				CLANG_WARN_BLOCK_CAPTURE_AUTORELEASING = YES;
				CLANG_WARN_BOOL_CONVERSION = YES;
				CLANG_WARN_COMMA = YES;
				CLANG_WARN_CONSTANT_CONVERSION = YES;
				CLANG_WARN_DEPRECATED_OBJC_IMPLEMENTATIONS = YES;
				CLANG_WARN_DIRECT_OBJC_ISA_USAGE = YES_ERROR;
				CLANG_WARN_DOCUMENTATION_COMMENTS = YES;
				CLANG_WARN_EMPTY_BODY = YES;
				CLANG_WARN_ENUM_CONVERSION = YES;
				CLANG_WARN_INFINITE_RECURSION = YES;
				CLANG_WARN_INT_CONVERSION = YES;
				CLANG_WARN_NON_LITERAL_NULL_CONVERSION = YES;
				CLANG_WARN_OBJC_IMPLICIT_RETAIN_SELF = YES;
				CLANG_WARN_OBJC_LITERAL_CONVERSION = YES;
				CLANG_WARN_OBJC_ROOT_CLASS = YES_ERROR;
				CLANG_WARN_RANGE_LOOP_ANALYSIS = YES;
				CLANG_WARN_STRICT_PROTOTYPES = YES;
				CLANG_WARN_SUSPICIOUS_MOVE = YES;
				CLANG_WARN_UNGUARDED_AVAILABILITY = YES_AGGRESSIVE;
				CLANG_WARN_UNREACHABLE_CODE = YES;
				CLANG_WARN__DUPLICATE_METHOD_MATCH = YES;
				COPY_PHASE_STRIP = NO;
				DEBUG_INFORMATION_FORMAT = dwarf;
				ENABLE_STRICT_OBJC_MSGSEND = YES;
				ENABLE_TESTABILITY = YES;
				GCC_C_LANGUAGE_STANDARD = gnu11;
				GCC_DYNAMIC_NO_PIC = NO;
				GCC_NO_COMMON_BLOCKS = YES;
				GCC_OPTIMIZATION_LEVEL = 0;
				GCC_PREPROCESSOR_DEFINITIONS = (
					"DEBUG=1",
					"$(inherited)",
				);
				GCC_WARN_64_TO_32_BIT_CONVERSION = YES;
				GCC_WARN_ABOUT_RETURN_TYPE = YES_ERROR;
				GCC_WARN_UNDECLARED_SELECTOR = YES;
				GCC_WARN_UNINITIALIZED_AUTOS = YES_AGGRESSIVE;
				GCC_WARN_UNUSED_FUNCTION = YES;
				GCC_WARN_UNUSED_VARIABLE = YES;
				IPHONEOS_DEPLOYMENT_TARGET = 13.0;
				MTL_ENABLE_DEBUG_INFO = INCLUDE_SOURCE;
				MTL_FAST_MATH = YES;
				ONLY_ACTIVE_ARCH = YES;
				SDKROOT = iphoneos;
				SWIFT_ACTIVE_COMPILATION_CONDITIONS = DEBUG;
				SWIFT_OPTIMIZATION_LEVEL = "-Onone";
			};
			name = Debug;
		};
		22A4BD732421A64700068BB1 /* Release */ = {
			isa = XCBuildConfiguration;
			buildSettings = {
				ALWAYS_SEARCH_USER_PATHS = NO;
				CLANG_ANALYZER_NONNULL = YES;
				CLANG_ANALYZER_NUMBER_OBJECT_CONVERSION = YES_AGGRESSIVE;
				CLANG_CXX_LANGUAGE_STANDARD = "gnu++14";
				CLANG_CXX_LIBRARY = "libc++";
				CLANG_ENABLE_MODULES = YES;
				CLANG_ENABLE_OBJC_ARC = YES;
				CLANG_ENABLE_OBJC_WEAK = YES;
				CLANG_WARN_BLOCK_CAPTURE_AUTORELEASING = YES;
				CLANG_WARN_BOOL_CONVERSION = YES;
				CLANG_WARN_COMMA = YES;
				CLANG_WARN_CONSTANT_CONVERSION = YES;
				CLANG_WARN_DEPRECATED_OBJC_IMPLEMENTATIONS = YES;
				CLANG_WARN_DIRECT_OBJC_ISA_USAGE = YES_ERROR;
				CLANG_WARN_DOCUMENTATION_COMMENTS = YES;
				CLANG_WARN_EMPTY_BODY = YES;
				CLANG_WARN_ENUM_CONVERSION = YES;
				CLANG_WARN_INFINITE_RECURSION = YES;
				CLANG_WARN_INT_CONVERSION = YES;
				CLANG_WARN_NON_LITERAL_NULL_CONVERSION = YES;
				CLANG_WARN_OBJC_IMPLICIT_RETAIN_SELF = YES;
				CLANG_WARN_OBJC_LITERAL_CONVERSION = YES;
				CLANG_WARN_OBJC_ROOT_CLASS = YES_ERROR;
				CLANG_WARN_RANGE_LOOP_ANALYSIS = YES;
				CLANG_WARN_STRICT_PROTOTYPES = YES;
				CLANG_WARN_SUSPICIOUS_MOVE = YES;
				CLANG_WARN_UNGUARDED_AVAILABILITY = YES_AGGRESSIVE;
				CLANG_WARN_UNREACHABLE_CODE = YES;
				CLANG_WARN__DUPLICATE_METHOD_MATCH = YES;
				COPY_PHASE_STRIP = NO;
				DEBUG_INFORMATION_FORMAT = "dwarf-with-dsym";
				ENABLE_NS_ASSERTIONS = NO;
				ENABLE_STRICT_OBJC_MSGSEND = YES;
				GCC_C_LANGUAGE_STANDARD = gnu11;
				GCC_NO_COMMON_BLOCKS = YES;
				GCC_WARN_64_TO_32_BIT_CONVERSION = YES;
				GCC_WARN_ABOUT_RETURN_TYPE = YES_ERROR;
				GCC_WARN_UNDECLARED_SELECTOR = YES;
				GCC_WARN_UNINITIALIZED_AUTOS = YES_AGGRESSIVE;
				GCC_WARN_UNUSED_FUNCTION = YES;
				GCC_WARN_UNUSED_VARIABLE = YES;
				IPHONEOS_DEPLOYMENT_TARGET = 13.0;
				MTL_ENABLE_DEBUG_INFO = NO;
				MTL_FAST_MATH = YES;
				SDKROOT = iphoneos;
				SWIFT_COMPILATION_MODE = wholemodule;
				SWIFT_OPTIMIZATION_LEVEL = "-O";
				VALIDATE_PRODUCT = YES;
			};
			name = Release;
		};
		22A4BD752421A64700068BB1 /* Debug */ = {
			isa = XCBuildConfiguration;
			buildSettings = {
				ASSETCATALOG_COMPILER_APPICON_NAME = AppIcon;
				CODE_SIGN_STYLE = Automatic;
				DEVELOPMENT_TEAM = 38X438L2DW;
				INFOPLIST_FILE = PhilUp/Info.plist;
				LD_RUNPATH_SEARCH_PATHS = (
					"$(inherited)",
					"@executable_path/Frameworks",
				);
				PRODUCT_BUNDLE_IDENTIFIER = "sam-mccauley.PhilUp";
				PRODUCT_NAME = "$(TARGET_NAME)";
				SWIFT_VERSION = 5.0;
				TARGETED_DEVICE_FAMILY = "1,2";
			};
			name = Debug;
		};
		22A4BD762421A64700068BB1 /* Release */ = {
			isa = XCBuildConfiguration;
			buildSettings = {
				ASSETCATALOG_COMPILER_APPICON_NAME = AppIcon;
				CODE_SIGN_STYLE = Automatic;
				DEVELOPMENT_TEAM = 38X438L2DW;
				INFOPLIST_FILE = PhilUp/Info.plist;
				LD_RUNPATH_SEARCH_PATHS = (
					"$(inherited)",
					"@executable_path/Frameworks",
				);
				PRODUCT_BUNDLE_IDENTIFIER = "sam-mccauley.PhilUp";
				PRODUCT_NAME = "$(TARGET_NAME)";
				SWIFT_VERSION = 5.0;
				TARGETED_DEVICE_FAMILY = "1,2";
			};
			name = Release;
		};
/* End XCBuildConfiguration section */

/* Begin XCConfigurationList section */
		22A4BD5B2421A64500068BB1 /* Build configuration list for PBXProject "PhilUp" */ = {
			isa = XCConfigurationList;
			buildConfigurations = (
				22A4BD722421A64700068BB1 /* Debug */,
				22A4BD732421A64700068BB1 /* Release */,
			);
			defaultConfigurationIsVisible = 0;
			defaultConfigurationName = Release;
		};
		22A4BD742421A64700068BB1 /* Build configuration list for PBXNativeTarget "PhilUp" */ = {
			isa = XCConfigurationList;
			buildConfigurations = (
				22A4BD752421A64700068BB1 /* Debug */,
				22A4BD762421A64700068BB1 /* Release */,
			);
			defaultConfigurationIsVisible = 0;
			defaultConfigurationName = Release;
		};
/* End XCConfigurationList section */
	};
	rootObject = 22A4BD582421A64500068BB1 /* Project object */;
}
